// !$*UTF8*$!
{
	archiveVersion = 1;
	classes = {
	};
	objectVersion = 55;
	objects = {

/* Begin PBXBuildFile section */
		EA22DF78271AB32400F2CF9E /* QuizAppApp.swift in Sources */ = {isa = PBXBuildFile; fileRef = EA22DF77271AB32400F2CF9E /* QuizAppApp.swift */; };
		EA22DF7A271AB32400F2CF9E /* ContentView.swift in Sources */ = {isa = PBXBuildFile; fileRef = EA22DF79271AB32400F2CF9E /* ContentView.swift */; };
		EA22DF7C271AB32500F2CF9E /* Assets.xcassets in Resources */ = {isa = PBXBuildFile; fileRef = EA22DF7B271AB32500F2CF9E /* Assets.xcassets */; };
		EA22DF7F271AB32500F2CF9E /* Preview Assets.xcassets in Resources */ = {isa = PBXBuildFile; fileRef = EA22DF7E271AB32500F2CF9E /* Preview Assets.xcassets */; };
		EA22DF89271AB32500F2CF9E /* QuizAppTests.swift in Sources */ = {isa = PBXBuildFile; fileRef = EA22DF88271AB32500F2CF9E /* QuizAppTests.swift */; };
		EA22DF93271AB32500F2CF9E /* QuizAppUITests.swift in Sources */ = {isa = PBXBuildFile; fileRef = EA22DF92271AB32500F2CF9E /* QuizAppUITests.swift */; };
		EA22DF95271AB32500F2CF9E /* QuizAppUITestsLaunchTests.swift in Sources */ = {isa = PBXBuildFile; fileRef = EA22DF94271AB32500F2CF9E /* QuizAppUITestsLaunchTests.swift */; };
		EA22DFA4271AB45700F2CF9E /* HomeView.swift in Sources */ = {isa = PBXBuildFile; fileRef = EA22DFA3271AB45700F2CF9E /* HomeView.swift */; };
		EA22DFA6271AB51500F2CF9E /* QuizView.swift in Sources */ = {isa = PBXBuildFile; fileRef = EA22DFA5271AB51500F2CF9E /* QuizView.swift */; };
		EA22DFA8271ABD9100F2CF9E /* ScoreView.swift in Sources */ = {isa = PBXBuildFile; fileRef = EA22DFA7271ABD9100F2CF9E /* ScoreView.swift */; };
		EA22DFAB271AEBDA00F2CF9E /* quiz.csv in Resources */ = {isa = PBXBuildFile; fileRef = EA22DFAA271AEBDA00F2CF9E /* quiz.csv */; };
/* End PBXBuildFile section */

/* Begin PBXContainerItemProxy section */
		EA22DF85271AB32500F2CF9E /* PBXContainerItemProxy */ = {
			isa = PBXContainerItemProxy;
			containerPortal = EA22DF6C271AB32400F2CF9E /* Project object */;
			proxyType = 1;
			remoteGlobalIDString = EA22DF73271AB32400F2CF9E;
			remoteInfo = QuizApp;
		};
		EA22DF8F271AB32500F2CF9E /* PBXContainerItemProxy */ = {
			isa = PBXContainerItemProxy;
			containerPortal = EA22DF6C271AB32400F2CF9E /* Project object */;
			proxyType = 1;
			remoteGlobalIDString = EA22DF73271AB32400F2CF9E;
			remoteInfo = QuizApp;
		};
/* End PBXContainerItemProxy section */

/* Begin PBXFileReference section */
		EA22DF74271AB32400F2CF9E /* QuizApp.app */ = {isa = PBXFileReference; explicitFileType = wrapper.application; includeInIndex = 0; path = QuizApp.app; sourceTree = BUILT_PRODUCTS_DIR; };
		EA22DF77271AB32400F2CF9E /* QuizAppApp.swift */ = {isa = PBXFileReference; lastKnownFileType = sourcecode.swift; path = QuizAppApp.swift; sourceTree = "<group>"; };
		EA22DF79271AB32400F2CF9E /* ContentView.swift */ = {isa = PBXFileReference; lastKnownFileType = sourcecode.swift; path = ContentView.swift; sourceTree = "<group>"; };
		EA22DF7B271AB32500F2CF9E /* Assets.xcassets */ = {isa = PBXFileReference; lastKnownFileType = folder.assetcatalog; path = Assets.xcassets; sourceTree = "<group>"; };
		EA22DF7E271AB32500F2CF9E /* Preview Assets.xcassets */ = {isa = PBXFileReference; lastKnownFileType = folder.assetcatalog; path = "Preview Assets.xcassets"; sourceTree = "<group>"; };
		EA22DF84271AB32500F2CF9E /* QuizAppTests.xctest */ = {isa = PBXFileReference; explicitFileType = wrapper.cfbundle; includeInIndex = 0; path = QuizAppTests.xctest; sourceTree = BUILT_PRODUCTS_DIR; };
		EA22DF88271AB32500F2CF9E /* QuizAppTests.swift */ = {isa = PBXFileReference; lastKnownFileType = sourcecode.swift; path = QuizAppTests.swift; sourceTree = "<group>"; };
		EA22DF8E271AB32500F2CF9E /* QuizAppUITests.xctest */ = {isa = PBXFileReference; explicitFileType = wrapper.cfbundle; includeInIndex = 0; path = QuizAppUITests.xctest; sourceTree = BUILT_PRODUCTS_DIR; };
		EA22DF92271AB32500F2CF9E /* QuizAppUITests.swift */ = {isa = PBXFileReference; lastKnownFileType = sourcecode.swift; path = QuizAppUITests.swift; sourceTree = "<group>"; };
		EA22DF94271AB32500F2CF9E /* QuizAppUITestsLaunchTests.swift */ = {isa = PBXFileReference; lastKnownFileType = sourcecode.swift; path = QuizAppUITestsLaunchTests.swift; sourceTree = "<group>"; };
		EA22DFA3271AB45700F2CF9E /* HomeView.swift */ = {isa = PBXFileReference; lastKnownFileType = sourcecode.swift; path = HomeView.swift; sourceTree = "<group>"; };
		EA22DFA5271AB51500F2CF9E /* QuizView.swift */ = {isa = PBXFileReference; lastKnownFileType = sourcecode.swift; path = QuizView.swift; sourceTree = "<group>"; };
		EA22DFA7271ABD9100F2CF9E /* ScoreView.swift */ = {isa = PBXFileReference; lastKnownFileType = sourcecode.swift; path = ScoreView.swift; sourceTree = "<group>"; };
		EA22DFAA271AEBDA00F2CF9E /* quiz.csv */ = {isa = PBXFileReference; lastKnownFileType = text.xml; path = quiz.csv; sourceTree = "<group>"; };
/* End PBXFileReference section */

/* Begin PBXFrameworksBuildPhase section */
		EA22DF71271AB32400F2CF9E /* Frameworks */ = {
			isa = PBXFrameworksBuildPhase;
			buildActionMask = 2147483647;
			files = (
			);
			runOnlyForDeploymentPostprocessing = 0;
		};
		EA22DF81271AB32500F2CF9E /* Frameworks */ = {
			isa = PBXFrameworksBuildPhase;
			buildActionMask = 2147483647;
			files = (
			);
			runOnlyForDeploymentPostprocessing = 0;
		};
		EA22DF8B271AB32500F2CF9E /* Frameworks */ = {
			isa = PBXFrameworksBuildPhase;
			buildActionMask = 2147483647;
			files = (
			);
			runOnlyForDeploymentPostprocessing = 0;
		};
/* End PBXFrameworksBuildPhase section */

/* Begin PBXGroup section */
		EA22DF6B271AB32400F2CF9E = {
			isa = PBXGroup;
			children = (
				EA22DF76271AB32400F2CF9E /* QuizApp */,
				EA22DF87271AB32500F2CF9E /* QuizAppTests */,
				EA22DF91271AB32500F2CF9E /* QuizAppUITests */,
				EA22DF75271AB32400F2CF9E /* Products */,
			);
			sourceTree = "<group>";
		};
		EA22DF75271AB32400F2CF9E /* Products */ = {
			isa = PBXGroup;
			children = (
				EA22DF74271AB32400F2CF9E /* QuizApp.app */,
				EA22DF84271AB32500F2CF9E /* QuizAppTests.xctest */,
				EA22DF8E271AB32500F2CF9E /* QuizAppUITests.xctest */,
			);
			name = Products;
			sourceTree = "<group>";
		};
		EA22DF76271AB32400F2CF9E /* QuizApp */ = {
			isa = PBXGroup;
			children = (
				EA22DFA9271AEBB400F2CF9E /* Data */,
				EA22DFA2271AB43E00F2CF9E /* Models */,
				EA22DFA1271AB43200F2CF9E /* Views */,
				EA22DF77271AB32400F2CF9E /* QuizAppApp.swift */,
				EA22DF79271AB32400F2CF9E /* ContentView.swift */,
				EA22DF7B271AB32500F2CF9E /* Assets.xcassets */,
				EA22DF7D271AB32500F2CF9E /* Preview Content */,
			);
			path = QuizApp;
			sourceTree = "<group>";
		};
		EA22DF7D271AB32500F2CF9E /* Preview Content */ = {
			isa = PBXGroup;
			children = (
				EA22DF7E271AB32500F2CF9E /* Preview Assets.xcassets */,
			);
			path = "Preview Content";
			sourceTree = "<group>";
		};
		EA22DF87271AB32500F2CF9E /* QuizAppTests */ = {
			isa = PBXGroup;
			children = (
				EA22DF88271AB32500F2CF9E /* QuizAppTests.swift */,
			);
			path = QuizAppTests;
			sourceTree = "<group>";
		};
		EA22DF91271AB32500F2CF9E /* QuizAppUITests */ = {
			isa = PBXGroup;
			children = (
				EA22DF92271AB32500F2CF9E /* QuizAppUITests.swift */,
				EA22DF94271AB32500F2CF9E /* QuizAppUITestsLaunchTests.swift */,
			);
			path = QuizAppUITests;
			sourceTree = "<group>";
		};
		EA22DFA1271AB43200F2CF9E /* Views */ = {
			isa = PBXGroup;
			children = (
				EA22DFA3271AB45700F2CF9E /* HomeView.swift */,
				EA22DFA5271AB51500F2CF9E /* QuizView.swift */,
				EA22DFA7271ABD9100F2CF9E /* ScoreView.swift */,
			);
			path = Views;
			sourceTree = "<group>";
		};
		EA22DFA2271AB43E00F2CF9E /* Models */ = {
			isa = PBXGroup;
			children = (
			);
			path = Models;
			sourceTree = "<group>";
		};
		EA22DFA9271AEBB400F2CF9E /* Data */ = {
			isa = PBXGroup;
			children = (
				EA22DFAA271AEBDA00F2CF9E /* quiz.csv */,
			);
			path = Data;
			sourceTree = "<group>";
		};
/* End PBXGroup section */

/* Begin PBXNativeTarget section */
		EA22DF73271AB32400F2CF9E /* QuizApp */ = {
			isa = PBXNativeTarget;
			buildConfigurationList = EA22DF98271AB32500F2CF9E /* Build configuration list for PBXNativeTarget "QuizApp" */;
			buildPhases = (
				EA22DF70271AB32400F2CF9E /* Sources */,
				EA22DF71271AB32400F2CF9E /* Frameworks */,
				EA22DF72271AB32400F2CF9E /* Resources */,
			);
			buildRules = (
			);
			dependencies = (
			);
			name = QuizApp;
			productName = QuizApp;
			productReference = EA22DF74271AB32400F2CF9E /* QuizApp.app */;
			productType = "com.apple.product-type.application";
		};
		EA22DF83271AB32500F2CF9E /* QuizAppTests */ = {
			isa = PBXNativeTarget;
			buildConfigurationList = EA22DF9B271AB32500F2CF9E /* Build configuration list for PBXNativeTarget "QuizAppTests" */;
			buildPhases = (
				EA22DF80271AB32500F2CF9E /* Sources */,
				EA22DF81271AB32500F2CF9E /* Frameworks */,
				EA22DF82271AB32500F2CF9E /* Resources */,
			);
			buildRules = (
			);
			dependencies = (
				EA22DF86271AB32500F2CF9E /* PBXTargetDependency */,
			);
			name = QuizAppTests;
			productName = QuizAppTests;
			productReference = EA22DF84271AB32500F2CF9E /* QuizAppTests.xctest */;
			productType = "com.apple.product-type.bundle.unit-test";
		};
		EA22DF8D271AB32500F2CF9E /* QuizAppUITests */ = {
			isa = PBXNativeTarget;
			buildConfigurationList = EA22DF9E271AB32500F2CF9E /* Build configuration list for PBXNativeTarget "QuizAppUITests" */;
			buildPhases = (
				EA22DF8A271AB32500F2CF9E /* Sources */,
				EA22DF8B271AB32500F2CF9E /* Frameworks */,
				EA22DF8C271AB32500F2CF9E /* Resources */,
			);
			buildRules = (
			);
			dependencies = (
				EA22DF90271AB32500F2CF9E /* PBXTargetDependency */,
			);
			name = QuizAppUITests;
			productName = QuizAppUITests;
			productReference = EA22DF8E271AB32500F2CF9E /* QuizAppUITests.xctest */;
			productType = "com.apple.product-type.bundle.ui-testing";
		};
/* End PBXNativeTarget section */

/* Begin PBXProject section */
		EA22DF6C271AB32400F2CF9E /* Project object */ = {
			isa = PBXProject;
			attributes = {
				BuildIndependentTargetsInParallel = 1;
				LastSwiftUpdateCheck = 1300;
				LastUpgradeCheck = 1300;
				TargetAttributes = {
					EA22DF73271AB32400F2CF9E = {
						CreatedOnToolsVersion = 13.0;
					};
					EA22DF83271AB32500F2CF9E = {
						CreatedOnToolsVersion = 13.0;
						TestTargetID = EA22DF73271AB32400F2CF9E;
					};
					EA22DF8D271AB32500F2CF9E = {
						CreatedOnToolsVersion = 13.0;
						TestTargetID = EA22DF73271AB32400F2CF9E;
					};
				};
			};
			buildConfigurationList = EA22DF6F271AB32400F2CF9E /* Build configuration list for PBXProject "QuizApp" */;
			compatibilityVersion = "Xcode 13.0";
			developmentRegion = en;
			hasScannedForEncodings = 0;
			knownRegions = (
				en,
				Base,
			);
			mainGroup = EA22DF6B271AB32400F2CF9E;
			productRefGroup = EA22DF75271AB32400F2CF9E /* Products */;
			projectDirPath = "";
			projectRoot = "";
			targets = (
				EA22DF73271AB32400F2CF9E /* QuizApp */,
				EA22DF83271AB32500F2CF9E /* QuizAppTests */,
				EA22DF8D271AB32500F2CF9E /* QuizAppUITests */,
			);
		};
/* End PBXProject section */

/* Begin PBXResourcesBuildPhase section */
		EA22DF72271AB32400F2CF9E /* Resources */ = {
			isa = PBXResourcesBuildPhase;
			buildActionMask = 2147483647;
			files = (
				EA22DF7F271AB32500F2CF9E /* Preview Assets.xcassets in Resources */,
				EA22DF7C271AB32500F2CF9E /* Assets.xcassets in Resources */,
				EA22DFAB271AEBDA00F2CF9E /* quiz.csv in Resources */,
			);
			runOnlyForDeploymentPostprocessing = 0;
		};
		EA22DF82271AB32500F2CF9E /* Resources */ = {
			isa = PBXResourcesBuildPhase;
			buildActionMask = 2147483647;
			files = (
			);
			runOnlyForDeploymentPostprocessing = 0;
		};
		EA22DF8C271AB32500F2CF9E /* Resources */ = {
			isa = PBXResourcesBuildPhase;
			buildActionMask = 2147483647;
			files = (
			);
			runOnlyForDeploymentPostprocessing = 0;
		};
/* End PBXResourcesBuildPhase section */

/* Begin PBXSourcesBuildPhase section */
		EA22DF70271AB32400F2CF9E /* Sources */ = {
			isa = PBXSourcesBuildPhase;
			buildActionMask = 2147483647;
			files = (
				EA22DFA4271AB45700F2CF9E /* HomeView.swift in Sources */,
				EA22DFA6271AB51500F2CF9E /* QuizView.swift in Sources */,
				EA22DF7A271AB32400F2CF9E /* ContentView.swift in Sources */,
				EA22DF78271AB32400F2CF9E /* QuizAppApp.swift in Sources */,
				EA22DFA8271ABD9100F2CF9E /* ScoreView.swift in Sources */,
			);
			runOnlyForDeploymentPostprocessing = 0;
		};
		EA22DF80271AB32500F2CF9E /* Sources */ = {
			isa = PBXSourcesBuildPhase;
			buildActionMask = 2147483647;
			files = (
				EA22DF89271AB32500F2CF9E /* QuizAppTests.swift in Sources */,
			);
			runOnlyForDeploymentPostprocessing = 0;
		};
		EA22DF8A271AB32500F2CF9E /* Sources */ = {
			isa = PBXSourcesBuildPhase;
			buildActionMask = 2147483647;
			files = (
				EA22DF93271AB32500F2CF9E /* QuizAppUITests.swift in Sources */,
				EA22DF95271AB32500F2CF9E /* QuizAppUITestsLaunchTests.swift in Sources */,
			);
			runOnlyForDeploymentPostprocessing = 0;
		};
/* End PBXSourcesBuildPhase section */

/* Begin PBXTargetDependency section */
		EA22DF86271AB32500F2CF9E /* PBXTargetDependency */ = {
			isa = PBXTargetDependency;
			target = EA22DF73271AB32400F2CF9E /* QuizApp */;
			targetProxy = EA22DF85271AB32500F2CF9E /* PBXContainerItemProxy */;
		};
		EA22DF90271AB32500F2CF9E /* PBXTargetDependency */ = {
			isa = PBXTargetDependency;
			target = EA22DF73271AB32400F2CF9E /* QuizApp */;
			targetProxy = EA22DF8F271AB32500F2CF9E /* PBXContainerItemProxy */;
		};
/* End PBXTargetDependency section */

/* Begin XCBuildConfiguration section */
		EA22DF96271AB32500F2CF9E /* Debug */ = {
			isa = XCBuildConfiguration;
			buildSettings = {
				ALWAYS_SEARCH_USER_PATHS = NO;
				CLANG_ANALYZER_NONNULL = YES;
				CLANG_ANALYZER_NUMBER_OBJECT_CONVERSION = YES_AGGRESSIVE;
				CLANG_CXX_LANGUAGE_STANDARD = "gnu++17";
				CLANG_CXX_LIBRARY = "libc++";
				CLANG_ENABLE_MODULES = YES;
				CLANG_ENABLE_OBJC_ARC = YES;
				CLANG_ENABLE_OBJC_WEAK = YES;
				CLANG_WARN_BLOCK_CAPTURE_AUTORELEASING = YES;
				CLANG_WARN_BOOL_CONVERSION = YES;
				CLANG_WARN_COMMA = YES;
				CLANG_WARN_CONSTANT_CONVERSION = YES;
				CLANG_WARN_DEPRECATED_OBJC_IMPLEMENTATIONS = YES;
				CLANG_WARN_DIRECT_OBJC_ISA_USAGE = YES_ERROR;
				CLANG_WARN_DOCUMENTATION_COMMENTS = YES;
				CLANG_WARN_EMPTY_BODY = YES;
				CLANG_WARN_ENUM_CONVERSION = YES;
				CLANG_WARN_INFINITE_RECURSION = YES;
				CLANG_WARN_INT_CONVERSION = YES;
				CLANG_WARN_NON_LITERAL_NULL_CONVERSION = YES;
				CLANG_WARN_OBJC_IMPLICIT_RETAIN_SELF = YES;
				CLANG_WARN_OBJC_LITERAL_CONVERSION = YES;
				CLANG_WARN_OBJC_ROOT_CLASS = YES_ERROR;
				CLANG_WARN_QUOTED_INCLUDE_IN_FRAMEWORK_HEADER = YES;
				CLANG_WARN_RANGE_LOOP_ANALYSIS = YES;
				CLANG_WARN_STRICT_PROTOTYPES = YES;
				CLANG_WARN_SUSPICIOUS_MOVE = YES;
				CLANG_WARN_UNGUARDED_AVAILABILITY = YES_AGGRESSIVE;
				CLANG_WARN_UNREACHABLE_CODE = YES;
				CLANG_WARN__DUPLICATE_METHOD_MATCH = YES;
				COPY_PHASE_STRIP = NO;
				DEBUG_INFORMATION_FORMAT = dwarf;
				ENABLE_STRICT_OBJC_MSGSEND = YES;
				ENABLE_TESTABILITY = YES;
				GCC_C_LANGUAGE_STANDARD = gnu11;
				GCC_DYNAMIC_NO_PIC = NO;
				GCC_NO_COMMON_BLOCKS = YES;
				GCC_OPTIMIZATION_LEVEL = 0;
				GCC_PREPROCESSOR_DEFINITIONS = (
					"DEBUG=1",
					"$(inherited)",
				);
				GCC_WARN_64_TO_32_BIT_CONVERSION = YES;
				GCC_WARN_ABOUT_RETURN_TYPE = YES_ERROR;
				GCC_WARN_UNDECLARED_SELECTOR = YES;
				GCC_WARN_UNINITIALIZED_AUTOS = YES_AGGRESSIVE;
				GCC_WARN_UNUSED_FUNCTION = YES;
				GCC_WARN_UNUSED_VARIABLE = YES;
				IPHONEOS_DEPLOYMENT_TARGET = 15.0;
				MTL_ENABLE_DEBUG_INFO = INCLUDE_SOURCE;
				MTL_FAST_MATH = YES;
				ONLY_ACTIVE_ARCH = YES;
				SDKROOT = iphoneos;
				SWIFT_ACTIVE_COMPILATION_CONDITIONS = DEBUG;
				SWIFT_OPTIMIZATION_LEVEL = "-Onone";
			};
			name = Debug;
		};
		EA22DF97271AB32500F2CF9E /* Release */ = {
			isa = XCBuildConfiguration;
			buildSettings = {
				ALWAYS_SEARCH_USER_PATHS = NO;
				CLANG_ANALYZER_NONNULL = YES;
				CLANG_ANALYZER_NUMBER_OBJECT_CONVERSION = YES_AGGRESSIVE;
				CLANG_CXX_LANGUAGE_STANDARD = "gnu++17";
				CLANG_CXX_LIBRARY = "libc++";
				CLANG_ENABLE_MODULES = YES;
				CLANG_ENABLE_OBJC_ARC = YES;
				CLANG_ENABLE_OBJC_WEAK = YES;
				CLANG_WARN_BLOCK_CAPTURE_AUTORELEASING = YES;
				CLANG_WARN_BOOL_CONVERSION = YES;
				CLANG_WARN_COMMA = YES;
				CLANG_WARN_CONSTANT_CONVERSION = YES;
				CLANG_WARN_DEPRECATED_OBJC_IMPLEMENTATIONS = YES;
				CLANG_WARN_DIRECT_OBJC_ISA_USAGE = YES_ERROR;
				CLANG_WARN_DOCUMENTATION_COMMENTS = YES;
				CLANG_WARN_EMPTY_BODY = YES;
				CLANG_WARN_ENUM_CONVERSION = YES;
				CLANG_WARN_INFINITE_RECURSION = YES;
				CLANG_WARN_INT_CONVERSION = YES;
				CLANG_WARN_NON_LITERAL_NULL_CONVERSION = YES;
				CLANG_WARN_OBJC_IMPLICIT_RETAIN_SELF = YES;
				CLANG_WARN_OBJC_LITERAL_CONVERSION = YES;
				CLANG_WARN_OBJC_ROOT_CLASS = YES_ERROR;
				CLANG_WARN_QUOTED_INCLUDE_IN_FRAMEWORK_HEADER = YES;
				CLANG_WARN_RANGE_LOOP_ANALYSIS = YES;
				CLANG_WARN_STRICT_PROTOTYPES = YES;
				CLANG_WARN_SUSPICIOUS_MOVE = YES;
				CLANG_WARN_UNGUARDED_AVAILABILITY = YES_AGGRESSIVE;
				CLANG_WARN_UNREACHABLE_CODE = YES;
				CLANG_WARN__DUPLICATE_METHOD_MATCH = YES;
				COPY_PHASE_STRIP = NO;
				DEBUG_INFORMATION_FORMAT = "dwarf-with-dsym";
				ENABLE_NS_ASSERTIONS = NO;
				ENABLE_STRICT_OBJC_MSGSEND = YES;
				GCC_C_LANGUAGE_STANDARD = gnu11;
				GCC_NO_COMMON_BLOCKS = YES;
				GCC_WARN_64_TO_32_BIT_CONVERSION = YES;
				GCC_WARN_ABOUT_RETURN_TYPE = YES_ERROR;
				GCC_WARN_UNDECLARED_SELECTOR = YES;
				GCC_WARN_UNINITIALIZED_AUTOS = YES_AGGRESSIVE;
				GCC_WARN_UNUSED_FUNCTION = YES;
				GCC_WARN_UNUSED_VARIABLE = YES;
				IPHONEOS_DEPLOYMENT_TARGET = 15.0;
				MTL_ENABLE_DEBUG_INFO = NO;
				MTL_FAST_MATH = YES;
				SDKROOT = iphoneos;
				SWIFT_COMPILATION_MODE = wholemodule;
				SWIFT_OPTIMIZATION_LEVEL = "-O";
				VALIDATE_PRODUCT = YES;
			};
			name = Release;
		};
		EA22DF99271AB32500F2CF9E /* Debug */ = {
			isa = XCBuildConfiguration;
			buildSettings = {
				ASSETCATALOG_COMPILER_APPICON_NAME = AppIcon;
				ASSETCATALOG_COMPILER_GLOBAL_ACCENT_COLOR_NAME = AccentColor;
				CODE_SIGN_STYLE = Automatic;
				CURRENT_PROJECT_VERSION = 1;
				DEVELOPMENT_ASSET_PATHS = "\"QuizApp/Preview Content\"";
				ENABLE_PREVIEWS = YES;
				GENERATE_INFOPLIST_FILE = YES;
				INFOPLIST_KEY_UIApplicationSceneManifest_Generation = YES;
				INFOPLIST_KEY_UIApplicationSupportsIndirectInputEvents = YES;
				INFOPLIST_KEY_UILaunchScreen_Generation = YES;
				INFOPLIST_KEY_UISupportedInterfaceOrientations_iPad = "UIInterfaceOrientationPortrait UIInterfaceOrientationPortraitUpsideDown UIInterfaceOrientationLandscapeLeft UIInterfaceOrientationLandscapeRight";
				INFOPLIST_KEY_UISupportedInterfaceOrientations_iPhone = "UIInterfaceOrientationPortrait UIInterfaceOrientationLandscapeLeft UIInterfaceOrientationLandscapeRight";
				IPHONEOS_DEPLOYMENT_TARGET = 14.0;
				LD_RUNPATH_SEARCH_PATHS = (
					"$(inherited)",
					"@executable_path/Frameworks",
				);
				MARKETING_VERSION = 1.0;
				PRODUCT_BUNDLE_IDENTIFIER = com.QuizApp;
				PRODUCT_NAME = "$(TARGET_NAME)";
				SWIFT_EMIT_LOC_STRINGS = YES;
				SWIFT_VERSION = 5.0;
				TARGETED_DEVICE_FAMILY = "1,2";
			};
			name = Debug;
		};
		EA22DF9A271AB32500F2CF9E /* Release */ = {
			isa = XCBuildConfiguration;
			buildSettings = {
				ASSETCATALOG_COMPILER_APPICON_NAME = AppIcon;
				ASSETCATALOG_COMPILER_GLOBAL_ACCENT_COLOR_NAME = AccentColor;
				CODE_SIGN_STYLE = Automatic;
				CURRENT_PROJECT_VERSION = 1;
				DEVELOPMENT_ASSET_PATHS = "\"QuizApp/Preview Content\"";
				ENABLE_PREVIEWS = YES;
				GENERATE_INFOPLIST_FILE = YES;
				INFOPLIST_KEY_UIApplicationSceneManifest_Generation = YES;
				INFOPLIST_KEY_UIApplicationSupportsIndirectInputEvents = YES;
				INFOPLIST_KEY_UILaunchScreen_Generation = YES;
				INFOPLIST_KEY_UISupportedInterfaceOrientations_iPad = "UIInterfaceOrientationPortrait UIInterfaceOrientationPortraitUpsideDown UIInterfaceOrientationLandscapeLeft UIInterfaceOrientationLandscapeRight";
				INFOPLIST_KEY_UISupportedInterfaceOrientations_iPhone = "UIInterfaceOrientationPortrait UIInterfaceOrientationLandscapeLeft UIInterfaceOrientationLandscapeRight";
				IPHONEOS_DEPLOYMENT_TARGET = 14.0;
				LD_RUNPATH_SEARCH_PATHS = (
					"$(inherited)",
					"@executable_path/Frameworks",
				);
				MARKETING_VERSION = 1.0;
				PRODUCT_BUNDLE_IDENTIFIER = com.QuizApp;
				PRODUCT_NAME = "$(TARGET_NAME)";
				SWIFT_EMIT_LOC_STRINGS = YES;
				SWIFT_VERSION = 5.0;
				TARGETED_DEVICE_FAMILY = "1,2";
			};
			name = Release;
		};
		EA22DF9C271AB32500F2CF9E /* Debug */ = {
			isa = XCBuildConfiguration;
			buildSettings = {
				ALWAYS_EMBED_SWIFT_STANDARD_LIBRARIES = YES;
				BUNDLE_LOADER = "$(TEST_HOST)";
				CODE_SIGN_STYLE = Automatic;
				CURRENT_PROJECT_VERSION = 1;
				GENERATE_INFOPLIST_FILE = YES;
				IPHONEOS_DEPLOYMENT_TARGET = 14.0;
				LD_RUNPATH_SEARCH_PATHS = (
					"$(inherited)",
					"@executable_path/Frameworks",
					"@loader_path/Frameworks",
				);
				MARKETING_VERSION = 1.0;
				PRODUCT_BUNDLE_IDENTIFIER = com.QuizAppTests;
				PRODUCT_NAME = "$(TARGET_NAME)";
				SWIFT_EMIT_LOC_STRINGS = NO;
				SWIFT_VERSION = 5.0;
				TARGETED_DEVICE_FAMILY = "1,2";
				TEST_HOST = "$(BUILT_PRODUCTS_DIR)/QuizApp.app/QuizApp";
			};
			name = Debug;
		};
		EA22DF9D271AB32500F2CF9E /* Release */ = {
			isa = XCBuildConfiguration;
			buildSettings = {
				ALWAYS_EMBED_SWIFT_STANDARD_LIBRARIES = YES;
				BUNDLE_LOADER = "$(TEST_HOST)";
				CODE_SIGN_STYLE = Automatic;
				CURRENT_PROJECT_VERSION = 1;
				GENERATE_INFOPLIST_FILE = YES;
				IPHONEOS_DEPLOYMENT_TARGET = 14.0;
				LD_RUNPATH_SEARCH_PATHS = (
					"$(inherited)",
					"@executable_path/Frameworks",
					"@loader_path/Frameworks",
				);
				MARKETING_VERSION = 1.0;
				PRODUCT_BUNDLE_IDENTIFIER = com.QuizAppTests;
				PRODUCT_NAME = "$(TARGET_NAME)";
				SWIFT_EMIT_LOC_STRINGS = NO;
				SWIFT_VERSION = 5.0;
				TARGETED_DEVICE_FAMILY = "1,2";
				TEST_HOST = "$(BUILT_PRODUCTS_DIR)/QuizApp.app/QuizApp";
			};
			name = Release;
		};
		EA22DF9F271AB32500F2CF9E /* Debug */ = {
			isa = XCBuildConfiguration;
			buildSettings = {
				ALWAYS_EMBED_SWIFT_STANDARD_LIBRARIES = YES;
				CODE_SIGN_STYLE = Automatic;
				CURRENT_PROJECT_VERSION = 1;
				GENERATE_INFOPLIST_FILE = YES;
				LD_RUNPATH_SEARCH_PATHS = (
					"$(inherited)",
					"@executable_path/Frameworks",
					"@loader_path/Frameworks",
				);
				MARKETING_VERSION = 1.0;
				PRODUCT_BUNDLE_IDENTIFIER = com.QuizAppUITests;
				PRODUCT_NAME = "$(TARGET_NAME)";
				SWIFT_EMIT_LOC_STRINGS = NO;
				SWIFT_VERSION = 5.0;
				TARGETED_DEVICE_FAMILY = "1,2";
				TEST_TARGET_NAME = QuizApp;
			};
			name = Debug;
		};
		EA22DFA0271AB32500F2CF9E /* Release */ = {
			isa = XCBuildConfiguration;
			buildSettings = {
				ALWAYS_EMBED_SWIFT_STANDARD_LIBRARIES = YES;
				CODE_SIGN_STYLE = Automatic;
				CURRENT_PROJECT_VERSION = 1;
				GENERATE_INFOPLIST_FILE = YES;
				LD_RUNPATH_SEARCH_PATHS = (
					"$(inherited)",
					"@executable_path/Frameworks",
					"@loader_path/Frameworks",
				);
				MARKETING_VERSION = 1.0;
				PRODUCT_BUNDLE_IDENTIFIER = com.QuizAppUITests;
				PRODUCT_NAME = "$(TARGET_NAME)";
				SWIFT_EMIT_LOC_STRINGS = NO;
				SWIFT_VERSION = 5.0;
				TARGETED_DEVICE_FAMILY = "1,2";
				TEST_TARGET_NAME = QuizApp;
			};
			name = Release;
		};
/* End XCBuildConfiguration section */

/* Begin XCConfigurationList section */
		EA22DF6F271AB32400F2CF9E /* Build configuration list for PBXProject "QuizApp" */ = {
			isa = XCConfigurationList;
			buildConfigurations = (
				EA22DF96271AB32500F2CF9E /* Debug */,
				EA22DF97271AB32500F2CF9E /* Release */,
			);
			defaultConfigurationIsVisible = 0;
			defaultConfigurationName = Release;
		};
		EA22DF98271AB32500F2CF9E /* Build configuration list for PBXNativeTarget "QuizApp" */ = {
			isa = XCConfigurationList;
			buildConfigurations = (
				EA22DF99271AB32500F2CF9E /* Debug */,
				EA22DF9A271AB32500F2CF9E /* Release */,
			);
			defaultConfigurationIsVisible = 0;
			defaultConfigurationName = Release;
		};
		EA22DF9B271AB32500F2CF9E /* Build configuration list for PBXNativeTarget "QuizAppTests" */ = {
			isa = XCConfigurationList;
			buildConfigurations = (
				EA22DF9C271AB32500F2CF9E /* Debug */,
				EA22DF9D271AB32500F2CF9E /* Release */,
			);
			defaultConfigurationIsVisible = 0;
			defaultConfigurationName = Release;
		};
		EA22DF9E271AB32500F2CF9E /* Build configuration list for PBXNativeTarget "QuizAppUITests" */ = {
			isa = XCConfigurationList;
			buildConfigurations = (
				EA22DF9F271AB32500F2CF9E /* Debug */,
				EA22DFA0271AB32500F2CF9E /* Release */,
			);
			defaultConfigurationIsVisible = 0;
			defaultConfigurationName = Release;
		};
/* End XCConfigurationList section */
	};
	rootObject = EA22DF6C271AB32400F2CF9E /* Project object */;
}
